
Microsoft Visual Studio Solution File, Format Version 12.00
# Visual Studio 15
VisualStudioVersion = 15.0.26730.15
MinimumVisualStudioVersion = 10.0.40219.1
Project("{FAE04EC0-301F-11D3-BF4B-00C04F79EFBC}") = "XamarinApp.Android", "XamarinApp\XamarinApp.Android\XamarinApp.Android.csproj", "{7F3AE85D-49FE-4B8F-BC3A-8FC9E7C33A08}"
EndProject
Project("{FAE04EC0-301F-11D3-BF4B-00C04F79EFBC}") = "XamarinApp", "XamarinApp\XamarinApp\XamarinApp.csproj", "{A4F68D7A-15E5-43E7-9BA1-9E4C63A61C82}"
EndProject
Project("{FAE04EC0-301F-11D3-BF4B-00C04F79EFBC}") = "XamarinApp.UWP", "XamarinApp\XamarinApp.UWP\XamarinApp.UWP.csproj", "{3B3241E4-3C83-4BB5-8EC5-6DD4CE7191C3}"
EndProject
Project("{FAE04EC0-301F-11D3-BF4B-00C04F79EFBC}") = "XamarinApp.iOS", "XamarinApp\XamarinApp.iOS\XamarinApp.iOS.csproj", "{35126863-8C82-4FAD-96A5-05158EA7223B}"
EndProject
Global
	GlobalSection(SolutionConfigurationPlatforms) = preSolution
		Ad-Hoc|Any CPU = Ad-Hoc|Any CPU
		Ad-Hoc|ARM = Ad-Hoc|ARM
		Ad-Hoc|iPhone = Ad-Hoc|iPhone
		Ad-Hoc|iPhoneSimulator = Ad-Hoc|iPhoneSimulator
		Ad-Hoc|x64 = Ad-Hoc|x64
		Ad-Hoc|x86 = Ad-Hoc|x86
		AppStore|Any CPU = AppStore|Any CPU
		AppStore|ARM = AppStore|ARM
		AppStore|iPhone = AppStore|iPhone
		AppStore|iPhoneSimulator = AppStore|iPhoneSimulator
		AppStore|x64 = AppStore|x64
		AppStore|x86 = AppStore|x86
		Debug|Any CPU = Debug|Any CPU
		Debug|ARM = Debug|ARM
		Debug|iPhone = Debug|iPhone
		Debug|iPhoneSimulator = Debug|iPhoneSimulator
		Debug|x64 = Debug|x64
		Debug|x86 = Debug|x86
		Release|Any CPU = Release|Any CPU
		Release|ARM = Release|ARM
		Release|iPhone = Release|iPhone
		Release|iPhoneSimulator = Release|iPhoneSimulator
		Release|x64 = Release|x64
		Release|x86 = Release|x86
	EndGlobalSection
	GlobalSection(ProjectConfigurationPlatforms) = postSolution
		{7F3AE85D-49FE-4B8F-BC3A-8FC9E7C33A08}.Ad-Hoc|Any CPU.ActiveCfg = Release|Any CPU
		{7F3AE85D-49FE-4B8F-BC3A-8FC9E7C33A08}.Ad-Hoc|Any CPU.Build.0 = Release|Any CPU
		{7F3AE85D-49FE-4B8F-BC3A-8FC9E7C33A08}.Ad-Hoc|Any CPU.Deploy.0 = Release|Any CPU
		{7F3AE85D-49FE-4B8F-BC3A-8FC9E7C33A08}.Ad-Hoc|ARM.ActiveCfg = Release|Any CPU
		{7F3AE85D-49FE-4B8F-BC3A-8FC9E7C33A08}.Ad-Hoc|ARM.Build.0 = Release|Any CPU
		{7F3AE85D-49FE-4B8F-BC3A-8FC9E7C33A08}.Ad-Hoc|ARM.Deploy.0 = Release|Any CPU
		{7F3AE85D-49FE-4B8F-BC3A-8FC9E7C33A08}.Ad-Hoc|iPhone.ActiveCfg = Release|Any CPU
		{7F3AE85D-49FE-4B8F-BC3A-8FC9E7C33A08}.Ad-Hoc|iPhone.Build.0 = Release|Any CPU
		{7F3AE85D-49FE-4B8F-BC3A-8FC9E7C33A08}.Ad-Hoc|iPhone.Deploy.0 = Release|Any CPU
		{7F3AE85D-49FE-4B8F-BC3A-8FC9E7C33A08}.Ad-Hoc|iPhoneSimulator.ActiveCfg = Release|Any CPU
		{7F3AE85D-49FE-4B8F-BC3A-8FC9E7C33A08}.Ad-Hoc|iPhoneSimulator.Build.0 = Release|Any CPU
		{7F3AE85D-49FE-4B8F-BC3A-8FC9E7C33A08}.Ad-Hoc|iPhoneSimulator.Deploy.0 = Release|Any CPU
		{7F3AE85D-49FE-4B8F-BC3A-8FC9E7C33A08}.Ad-Hoc|x64.ActiveCfg = Release|Any CPU
		{7F3AE85D-49FE-4B8F-BC3A-8FC9E7C33A08}.Ad-Hoc|x64.Build.0 = Release|Any CPU
		{7F3AE85D-49FE-4B8F-BC3A-8FC9E7C33A08}.Ad-Hoc|x64.Deploy.0 = Release|Any CPU
		{7F3AE85D-49FE-4B8F-BC3A-8FC9E7C33A08}.Ad-Hoc|x86.ActiveCfg = Release|Any CPU
		{7F3AE85D-49FE-4B8F-BC3A-8FC9E7C33A08}.Ad-Hoc|x86.Build.0 = Release|Any CPU
		{7F3AE85D-49FE-4B8F-BC3A-8FC9E7C33A08}.Ad-Hoc|x86.Deploy.0 = Release|Any CPU
		{7F3AE85D-49FE-4B8F-BC3A-8FC9E7C33A08}.AppStore|Any CPU.ActiveCfg = Release|Any CPU
		{7F3AE85D-49FE-4B8F-BC3A-8FC9E7C33A08}.AppStore|Any CPU.Build.0 = Release|Any CPU
		{7F3AE85D-49FE-4B8F-BC3A-8FC9E7C33A08}.AppStore|Any CPU.Deploy.0 = Release|Any CPU
		{7F3AE85D-49FE-4B8F-BC3A-8FC9E7C33A08}.AppStore|ARM.ActiveCfg = Release|Any CPU
		{7F3AE85D-49FE-4B8F-BC3A-8FC9E7C33A08}.AppStore|ARM.Build.0 = Release|Any CPU
		{7F3AE85D-49FE-4B8F-BC3A-8FC9E7C33A08}.AppStore|ARM.Deploy.0 = Release|Any CPU
		{7F3AE85D-49FE-4B8F-BC3A-8FC9E7C33A08}.AppStore|iPhone.ActiveCfg = Release|Any CPU
		{7F3AE85D-49FE-4B8F-BC3A-8FC9E7C33A08}.AppStore|iPhone.Build.0 = Release|Any CPU
		{7F3AE85D-49FE-4B8F-BC3A-8FC9E7C33A08}.AppStore|iPhone.Deploy.0 = Release|Any CPU
		{7F3AE85D-49FE-4B8F-BC3A-8FC9E7C33A08}.AppStore|iPhoneSimulator.ActiveCfg = Release|Any CPU
		{7F3AE85D-49FE-4B8F-BC3A-8FC9E7C33A08}.AppStore|iPhoneSimulator.Build.0 = Release|Any CPU
		{7F3AE85D-49FE-4B8F-BC3A-8FC9E7C33A08}.AppStore|iPhoneSimulator.Deploy.0 = Release|Any CPU
		{7F3AE85D-49FE-4B8F-BC3A-8FC9E7C33A08}.AppStore|x64.ActiveCfg = Release|Any CPU
		{7F3AE85D-49FE-4B8F-BC3A-8FC9E7C33A08}.AppStore|x64.Build.0 = Release|Any CPU
		{7F3AE85D-49FE-4B8F-BC3A-8FC9E7C33A08}.AppStore|x64.Deploy.0 = Release|Any CPU
		{7F3AE85D-49FE-4B8F-BC3A-8FC9E7C33A08}.AppStore|x86.ActiveCfg = Release|Any CPU
		{7F3AE85D-49FE-4B8F-BC3A-8FC9E7C33A08}.AppStore|x86.Build.0 = Release|Any CPU
		{7F3AE85D-49FE-4B8F-BC3A-8FC9E7C33A08}.AppStore|x86.Deploy.0 = Release|Any CPU
		{7F3AE85D-49FE-4B8F-BC3A-8FC9E7C33A08}.Debug|Any CPU.ActiveCfg = Debug|Any CPU
		{7F3AE85D-49FE-4B8F-BC3A-8FC9E7C33A08}.Debug|Any CPU.Build.0 = Debug|Any CPU
		{7F3AE85D-49FE-4B8F-BC3A-8FC9E7C33A08}.Debug|Any CPU.Deploy.0 = Debug|Any CPU
		{7F3AE85D-49FE-4B8F-BC3A-8FC9E7C33A08}.Debug|ARM.ActiveCfg = Debug|Any CPU
		{7F3AE85D-49FE-4B8F-BC3A-8FC9E7C33A08}.Debug|ARM.Build.0 = Debug|Any CPU
		{7F3AE85D-49FE-4B8F-BC3A-8FC9E7C33A08}.Debug|ARM.Deploy.0 = Debug|Any CPU
		{7F3AE85D-49FE-4B8F-BC3A-8FC9E7C33A08}.Debug|iPhone.ActiveCfg = Debug|Any CPU
		{7F3AE85D-49FE-4B8F-BC3A-8FC9E7C33A08}.Debug|iPhone.Build.0 = Debug|Any CPU
		{7F3AE85D-49FE-4B8F-BC3A-8FC9E7C33A08}.Debug|iPhone.Deploy.0 = Debug|Any CPU
		{7F3AE85D-49FE-4B8F-BC3A-8FC9E7C33A08}.Debug|iPhoneSimulator.ActiveCfg = Debug|Any CPU
		{7F3AE85D-49FE-4B8F-BC3A-8FC9E7C33A08}.Debug|iPhoneSimulator.Build.0 = Debug|Any CPU
		{7F3AE85D-49FE-4B8F-BC3A-8FC9E7C33A08}.Debug|iPhoneSimulator.Deploy.0 = Debug|Any CPU
		{7F3AE85D-49FE-4B8F-BC3A-8FC9E7C33A08}.Debug|x64.ActiveCfg = Debug|Any CPU
		{7F3AE85D-49FE-4B8F-BC3A-8FC9E7C33A08}.Debug|x64.Build.0 = Debug|Any CPU
		{7F3AE85D-49FE-4B8F-BC3A-8FC9E7C33A08}.Debug|x64.Deploy.0 = Debug|Any CPU
		{7F3AE85D-49FE-4B8F-BC3A-8FC9E7C33A08}.Debug|x86.ActiveCfg = Debug|Any CPU
		{7F3AE85D-49FE-4B8F-BC3A-8FC9E7C33A08}.Debug|x86.Build.0 = Debug|Any CPU
		{7F3AE85D-49FE-4B8F-BC3A-8FC9E7C33A08}.Debug|x86.Deploy.0 = Debug|Any CPU
		{7F3AE85D-49FE-4B8F-BC3A-8FC9E7C33A08}.Release|Any CPU.ActiveCfg = Release|Any CPU
		{7F3AE85D-49FE-4B8F-BC3A-8FC9E7C33A08}.Release|Any CPU.Build.0 = Release|Any CPU
		{7F3AE85D-49FE-4B8F-BC3A-8FC9E7C33A08}.Release|Any CPU.Deploy.0 = Release|Any CPU
		{7F3AE85D-49FE-4B8F-BC3A-8FC9E7C33A08}.Release|ARM.ActiveCfg = Release|Any CPU
		{7F3AE85D-49FE-4B8F-BC3A-8FC9E7C33A08}.Release|ARM.Build.0 = Release|Any CPU
		{7F3AE85D-49FE-4B8F-BC3A-8FC9E7C33A08}.Release|ARM.Deploy.0 = Release|Any CPU
		{7F3AE85D-49FE-4B8F-BC3A-8FC9E7C33A08}.Release|iPhone.ActiveCfg = Release|Any CPU
		{7F3AE85D-49FE-4B8F-BC3A-8FC9E7C33A08}.Release|iPhone.Build.0 = Release|Any CPU
		{7F3AE85D-49FE-4B8F-BC3A-8FC9E7C33A08}.Release|iPhone.Deploy.0 = Release|Any CPU
		{7F3AE85D-49FE-4B8F-BC3A-8FC9E7C33A08}.Release|iPhoneSimulator.ActiveCfg = Release|Any CPU
		{7F3AE85D-49FE-4B8F-BC3A-8FC9E7C33A08}.Release|iPhoneSimulator.Build.0 = Release|Any CPU
		{7F3AE85D-49FE-4B8F-BC3A-8FC9E7C33A08}.Release|iPhoneSimulator.Deploy.0 = Release|Any CPU
		{7F3AE85D-49FE-4B8F-BC3A-8FC9E7C33A08}.Release|x64.ActiveCfg = Release|Any CPU
		{7F3AE85D-49FE-4B8F-BC3A-8FC9E7C33A08}.Release|x64.Build.0 = Release|Any CPU
		{7F3AE85D-49FE-4B8F-BC3A-8FC9E7C33A08}.Release|x64.Deploy.0 = Release|Any CPU
		{7F3AE85D-49FE-4B8F-BC3A-8FC9E7C33A08}.Release|x86.ActiveCfg = Release|Any CPU
		{7F3AE85D-49FE-4B8F-BC3A-8FC9E7C33A08}.Release|x86.Build.0 = Release|Any CPU
		{7F3AE85D-49FE-4B8F-BC3A-8FC9E7C33A08}.Release|x86.Deploy.0 = Release|Any CPU
		{A4F68D7A-15E5-43E7-9BA1-9E4C63A61C82}.Ad-Hoc|Any CPU.ActiveCfg = Release|Any CPU
		{A4F68D7A-15E5-43E7-9BA1-9E4C63A61C82}.Ad-Hoc|Any CPU.Build.0 = Release|Any CPU
		{A4F68D7A-15E5-43E7-9BA1-9E4C63A61C82}.Ad-Hoc|ARM.ActiveCfg = Release|Any CPU
		{A4F68D7A-15E5-43E7-9BA1-9E4C63A61C82}.Ad-Hoc|ARM.Build.0 = Release|Any CPU
		{A4F68D7A-15E5-43E7-9BA1-9E4C63A61C82}.Ad-Hoc|iPhone.ActiveCfg = Release|Any CPU
		{A4F68D7A-15E5-43E7-9BA1-9E4C63A61C82}.Ad-Hoc|iPhone.Build.0 = Release|Any CPU
		{A4F68D7A-15E5-43E7-9BA1-9E4C63A61C82}.Ad-Hoc|iPhoneSimulator.ActiveCfg = Release|Any CPU
		{A4F68D7A-15E5-43E7-9BA1-9E4C63A61C82}.Ad-Hoc|iPhoneSimulator.Build.0 = Release|Any CPU
		{A4F68D7A-15E5-43E7-9BA1-9E4C63A61C82}.Ad-Hoc|x64.ActiveCfg = Release|Any CPU
		{A4F68D7A-15E5-43E7-9BA1-9E4C63A61C82}.Ad-Hoc|x64.Build.0 = Release|Any CPU
		{A4F68D7A-15E5-43E7-9BA1-9E4C63A61C82}.Ad-Hoc|x86.ActiveCfg = Release|Any CPU
		{A4F68D7A-15E5-43E7-9BA1-9E4C63A61C82}.Ad-Hoc|x86.Build.0 = Release|Any CPU
		{A4F68D7A-15E5-43E7-9BA1-9E4C63A61C82}.AppStore|Any CPU.ActiveCfg = Release|Any CPU
		{A4F68D7A-15E5-43E7-9BA1-9E4C63A61C82}.AppStore|Any CPU.Build.0 = Release|Any CPU
		{A4F68D7A-15E5-43E7-9BA1-9E4C63A61C82}.AppStore|ARM.ActiveCfg = Release|Any CPU
		{A4F68D7A-15E5-43E7-9BA1-9E4C63A61C82}.AppStore|ARM.Build.0 = Release|Any CPU
		{A4F68D7A-15E5-43E7-9BA1-9E4C63A61C82}.AppStore|iPhone.ActiveCfg = Release|Any CPU
		{A4F68D7A-15E5-43E7-9BA1-9E4C63A61C82}.AppStore|iPhone.Build.0 = Release|Any CPU
		{A4F68D7A-15E5-43E7-9BA1-9E4C63A61C82}.AppStore|iPhoneSimulator.ActiveCfg = Release|Any CPU
		{A4F68D7A-15E5-43E7-9BA1-9E4C63A61C82}.AppStore|iPhoneSimulator.Build.0 = Release|Any CPU
		{A4F68D7A-15E5-43E7-9BA1-9E4C63A61C82}.AppStore|x64.ActiveCfg = Release|Any CPU
		{A4F68D7A-15E5-43E7-9BA1-9E4C63A61C82}.AppStore|x64.Build.0 = Release|Any CPU
		{A4F68D7A-15E5-43E7-9BA1-9E4C63A61C82}.AppStore|x86.ActiveCfg = Release|Any CPU
		{A4F68D7A-15E5-43E7-9BA1-9E4C63A61C82}.AppStore|x86.Build.0 = Release|Any CPU
		{A4F68D7A-15E5-43E7-9BA1-9E4C63A61C82}.Debug|Any CPU.ActiveCfg = Debug|Any CPU
		{A4F68D7A-15E5-43E7-9BA1-9E4C63A61C82}.Debug|Any CPU.Build.0 = Debug|Any CPU
		{A4F68D7A-15E5-43E7-9BA1-9E4C63A61C82}.Debug|ARM.ActiveCfg = Debug|Any CPU
		{A4F68D7A-15E5-43E7-9BA1-9E4C63A61C82}.Debug|ARM.Build.0 = Debug|Any CPU
		{A4F68D7A-15E5-43E7-9BA1-9E4C63A61C82}.Debug|iPhone.ActiveCfg = Debug|Any CPU
		{A4F68D7A-15E5-43E7-9BA1-9E4C63A61C82}.Debug|iPhone.Build.0 = Debug|Any CPU
		{A4F68D7A-15E5-43E7-9BA1-9E4C63A61C82}.Debug|iPhoneSimulator.ActiveCfg = Debug|Any CPU
		{A4F68D7A-15E5-43E7-9BA1-9E4C63A61C82}.Debug|iPhoneSimulator.Build.0 = Debug|Any CPU
		{A4F68D7A-15E5-43E7-9BA1-9E4C63A61C82}.Debug|x64.ActiveCfg = Debug|Any CPU
		{A4F68D7A-15E5-43E7-9BA1-9E4C63A61C82}.Debug|x64.Build.0 = Debug|Any CPU
		{A4F68D7A-15E5-43E7-9BA1-9E4C63A61C82}.Debug|x86.ActiveCfg = Debug|Any CPU
		{A4F68D7A-15E5-43E7-9BA1-9E4C63A61C82}.Debug|x86.Build.0 = Debug|Any CPU
		{A4F68D7A-15E5-43E7-9BA1-9E4C63A61C82}.Release|Any CPU.ActiveCfg = Release|Any CPU
		{A4F68D7A-15E5-43E7-9BA1-9E4C63A61C82}.Release|Any CPU.Build.0 = Release|Any CPU
		{A4F68D7A-15E5-43E7-9BA1-9E4C63A61C82}.Release|ARM.ActiveCfg = Release|Any CPU
		{A4F68D7A-15E5-43E7-9BA1-9E4C63A61C82}.Release|ARM.Build.0 = Release|Any CPU
		{A4F68D7A-15E5-43E7-9BA1-9E4C63A61C82}.Release|iPhone.ActiveCfg = Release|Any CPU
		{A4F68D7A-15E5-43E7-9BA1-9E4C63A61C82}.Release|iPhone.Build.0 = Release|Any CPU
		{A4F68D7A-15E5-43E7-9BA1-9E4C63A61C82}.Release|iPhoneSimulator.ActiveCfg = Release|Any CPU
		{A4F68D7A-15E5-43E7-9BA1-9E4C63A61C82}.Release|iPhoneSimulator.Build.0 = Release|Any CPU
		{A4F68D7A-15E5-43E7-9BA1-9E4C63A61C82}.Release|x64.ActiveCfg = Release|Any CPU
		{A4F68D7A-15E5-43E7-9BA1-9E4C63A61C82}.Release|x64.Build.0 = Release|Any CPU
		{A4F68D7A-15E5-43E7-9BA1-9E4C63A61C82}.Release|x86.ActiveCfg = Release|Any CPU
		{A4F68D7A-15E5-43E7-9BA1-9E4C63A61C82}.Release|x86.Build.0 = Release|Any CPU
		{3B3241E4-3C83-4BB5-8EC5-6DD4CE7191C3}.Ad-Hoc|Any CPU.ActiveCfg = Release|x86
		{3B3241E4-3C83-4BB5-8EC5-6DD4CE7191C3}.Ad-Hoc|Any CPU.Build.0 = Release|x86
		{3B3241E4-3C83-4BB5-8EC5-6DD4CE7191C3}.Ad-Hoc|Any CPU.Deploy.0 = Release|x86
		{3B3241E4-3C83-4BB5-8EC5-6DD4CE7191C3}.Ad-Hoc|ARM.ActiveCfg = Release|ARM
		{3B3241E4-3C83-4BB5-8EC5-6DD4CE7191C3}.Ad-Hoc|ARM.Build.0 = Release|ARM
		{3B3241E4-3C83-4BB5-8EC5-6DD4CE7191C3}.Ad-Hoc|ARM.Deploy.0 = Release|ARM
		{3B3241E4-3C83-4BB5-8EC5-6DD4CE7191C3}.Ad-Hoc|iPhone.ActiveCfg = Release|x86
		{3B3241E4-3C83-4BB5-8EC5-6DD4CE7191C3}.Ad-Hoc|iPhone.Build.0 = Release|x86
		{3B3241E4-3C83-4BB5-8EC5-6DD4CE7191C3}.Ad-Hoc|iPhone.Deploy.0 = Release|x86
		{3B3241E4-3C83-4BB5-8EC5-6DD4CE7191C3}.Ad-Hoc|iPhoneSimulator.ActiveCfg = Release|x86
		{3B3241E4-3C83-4BB5-8EC5-6DD4CE7191C3}.Ad-Hoc|iPhoneSimulator.Build.0 = Release|x86
		{3B3241E4-3C83-4BB5-8EC5-6DD4CE7191C3}.Ad-Hoc|iPhoneSimulator.Deploy.0 = Release|x86
		{3B3241E4-3C83-4BB5-8EC5-6DD4CE7191C3}.Ad-Hoc|x64.ActiveCfg = Release|x64
		{3B3241E4-3C83-4BB5-8EC5-6DD4CE7191C3}.Ad-Hoc|x64.Build.0 = Release|x64
		{3B3241E4-3C83-4BB5-8EC5-6DD4CE7191C3}.Ad-Hoc|x64.Deploy.0 = Release|x64
		{3B3241E4-3C83-4BB5-8EC5-6DD4CE7191C3}.Ad-Hoc|x86.ActiveCfg = Release|x86
		{3B3241E4-3C83-4BB5-8EC5-6DD4CE7191C3}.Ad-Hoc|x86.Build.0 = Release|x86
		{3B3241E4-3C83-4BB5-8EC5-6DD4CE7191C3}.Ad-Hoc|x86.Deploy.0 = Release|x86
		{3B3241E4-3C83-4BB5-8EC5-6DD4CE7191C3}.AppStore|Any CPU.ActiveCfg = Release|x86
		{3B3241E4-3C83-4BB5-8EC5-6DD4CE7191C3}.AppStore|Any CPU.Build.0 = Release|x86
		{3B3241E4-3C83-4BB5-8EC5-6DD4CE7191C3}.AppStore|Any CPU.Deploy.0 = Release|x86
		{3B3241E4-3C83-4BB5-8EC5-6DD4CE7191C3}.AppStore|ARM.ActiveCfg = Release|ARM
		{3B3241E4-3C83-4BB5-8EC5-6DD4CE7191C3}.AppStore|ARM.Build.0 = Release|ARM
		{3B3241E4-3C83-4BB5-8EC5-6DD4CE7191C3}.AppStore|ARM.Deploy.0 = Release|ARM
		{3B3241E4-3C83-4BB5-8EC5-6DD4CE7191C3}.AppStore|iPhone.ActiveCfg = Release|x86
		{3B3241E4-3C83-4BB5-8EC5-6DD4CE7191C3}.AppStore|iPhone.Build.0 = Release|x86
		{3B3241E4-3C83-4BB5-8EC5-6DD4CE7191C3}.AppStore|iPhone.Deploy.0 = Release|x86
		{3B3241E4-3C83-4BB5-8EC5-6DD4CE7191C3}.AppStore|iPhoneSimulator.ActiveCfg = Release|x86
		{3B3241E4-3C83-4BB5-8EC5-6DD4CE7191C3}.AppStore|iPhoneSimulator.Build.0 = Release|x86
		{3B3241E4-3C83-4BB5-8EC5-6DD4CE7191C3}.AppStore|iPhoneSimulator.Deploy.0 = Release|x86
		{3B3241E4-3C83-4BB5-8EC5-6DD4CE7191C3}.AppStore|x64.ActiveCfg = Release|x64
		{3B3241E4-3C83-4BB5-8EC5-6DD4CE7191C3}.AppStore|x64.Build.0 = Release|x64
		{3B3241E4-3C83-4BB5-8EC5-6DD4CE7191C3}.AppStore|x64.Deploy.0 = Release|x64
		{3B3241E4-3C83-4BB5-8EC5-6DD4CE7191C3}.AppStore|x86.ActiveCfg = Release|x86
		{3B3241E4-3C83-4BB5-8EC5-6DD4CE7191C3}.AppStore|x86.Build.0 = Release|x86
		{3B3241E4-3C83-4BB5-8EC5-6DD4CE7191C3}.AppStore|x86.Deploy.0 = Release|x86
		{3B3241E4-3C83-4BB5-8EC5-6DD4CE7191C3}.Debug|Any CPU.ActiveCfg = Debug|x86
		{3B3241E4-3C83-4BB5-8EC5-6DD4CE7191C3}.Debug|ARM.ActiveCfg = Debug|ARM
		{3B3241E4-3C83-4BB5-8EC5-6DD4CE7191C3}.Debug|ARM.Build.0 = Debug|ARM
		{3B3241E4-3C83-4BB5-8EC5-6DD4CE7191C3}.Debug|ARM.Deploy.0 = Debug|ARM
		{3B3241E4-3C83-4BB5-8EC5-6DD4CE7191C3}.Debug|iPhone.ActiveCfg = Debug|x86
		{3B3241E4-3C83-4BB5-8EC5-6DD4CE7191C3}.Debug|iPhoneSimulator.ActiveCfg = Debug|x86
		{3B3241E4-3C83-4BB5-8EC5-6DD4CE7191C3}.Debug|x64.ActiveCfg = Debug|x64
		{3B3241E4-3C83-4BB5-8EC5-6DD4CE7191C3}.Debug|x64.Build.0 = Debug|x64
		{3B3241E4-3C83-4BB5-8EC5-6DD4CE7191C3}.Debug|x64.Deploy.0 = Debug|x64
		{3B3241E4-3C83-4BB5-8EC5-6DD4CE7191C3}.Debug|x86.ActiveCfg = Debug|x86
		{3B3241E4-3C83-4BB5-8EC5-6DD4CE7191C3}.Debug|x86.Build.0 = Debug|x86
		{3B3241E4-3C83-4BB5-8EC5-6DD4CE7191C3}.Debug|x86.Deploy.0 = Debug|x86
		{3B3241E4-3C83-4BB5-8EC5-6DD4CE7191C3}.Release|Any CPU.ActiveCfg = Release|x86
		{3B3241E4-3C83-4BB5-8EC5-6DD4CE7191C3}.Release|ARM.ActiveCfg = Release|ARM
		{3B3241E4-3C83-4BB5-8EC5-6DD4CE7191C3}.Release|ARM.Build.0 = Release|ARM
		{3B3241E4-3C83-4BB5-8EC5-6DD4CE7191C3}.Release|ARM.Deploy.0 = Release|ARM
		{3B3241E4-3C83-4BB5-8EC5-6DD4CE7191C3}.Release|iPhone.ActiveCfg = Release|x86
		{3B3241E4-3C83-4BB5-8EC5-6DD4CE7191C3}.Release|iPhoneSimulator.ActiveCfg = Release|x86
		{3B3241E4-3C83-4BB5-8EC5-6DD4CE7191C3}.Release|x64.ActiveCfg = Release|x64
		{3B3241E4-3C83-4BB5-8EC5-6DD4CE7191C3}.Release|x64.Build.0 = Release|x64
		{3B3241E4-3C83-4BB5-8EC5-6DD4CE7191C3}.Release|x64.Deploy.0 = Release|x64
		{3B3241E4-3C83-4BB5-8EC5-6DD4CE7191C3}.Release|x86.ActiveCfg = Release|x86
		{3B3241E4-3C83-4BB5-8EC5-6DD4CE7191C3}.Release|x86.Build.0 = Release|x86
		{3B3241E4-3C83-4BB5-8EC5-6DD4CE7191C3}.Release|x86.Deploy.0 = Release|x86
		{35126863-8C82-4FAD-96A5-05158EA7223B}.Ad-Hoc|Any CPU.ActiveCfg = Ad-Hoc|iPhone
		{35126863-8C82-4FAD-96A5-05158EA7223B}.Ad-Hoc|ARM.ActiveCfg = Ad-Hoc|iPhone
		{35126863-8C82-4FAD-96A5-05158EA7223B}.Ad-Hoc|iPhone.ActiveCfg = Ad-Hoc|iPhone
		{35126863-8C82-4FAD-96A5-05158EA7223B}.Ad-Hoc|iPhone.Build.0 = Ad-Hoc|iPhone
		{35126863-8C82-4FAD-96A5-05158EA7223B}.Ad-Hoc|iPhoneSimulator.ActiveCfg = Ad-Hoc|iPhoneSimulator
		{35126863-8C82-4FAD-96A5-05158EA7223B}.Ad-Hoc|iPhoneSimulator.Build.0 = Ad-Hoc|iPhoneSimulator
		{35126863-8C82-4FAD-96A5-05158EA7223B}.Ad-Hoc|x64.ActiveCfg = Ad-Hoc|iPhone
		{35126863-8C82-4FAD-96A5-05158EA7223B}.Ad-Hoc|x86.ActiveCfg = Ad-Hoc|iPhone
		{35126863-8C82-4FAD-96A5-05158EA7223B}.AppStore|Any CPU.ActiveCfg = AppStore|iPhone
		{35126863-8C82-4FAD-96A5-05158EA7223B}.AppStore|ARM.ActiveCfg = AppStore|iPhone
		{35126863-8C82-4FAD-96A5-05158EA7223B}.AppStore|iPhone.ActiveCfg = AppStore|iPhone
		{35126863-8C82-4FAD-96A5-05158EA7223B}.AppStore|iPhone.Build.0 = AppStore|iPhone
		{35126863-8C82-4FAD-96A5-05158EA7223B}.AppStore|iPhoneSimulator.ActiveCfg = AppStore|iPhoneSimulator
		{35126863-8C82-4FAD-96A5-05158EA7223B}.AppStore|iPhoneSimulator.Build.0 = AppStore|iPhoneSimulator
		{35126863-8C82-4FAD-96A5-05158EA7223B}.AppStore|x64.ActiveCfg = AppStore|iPhone
		{35126863-8C82-4FAD-96A5-05158EA7223B}.AppStore|x86.ActiveCfg = AppStore|iPhone
		{35126863-8C82-4FAD-96A5-05158EA7223B}.Debug|Any CPU.ActiveCfg = Debug|iPhone
		{35126863-8C82-4FAD-96A5-05158EA7223B}.Debug|ARM.ActiveCfg = Debug|iPhone
		{35126863-8C82-4FAD-96A5-05158EA7223B}.Debug|iPhone.ActiveCfg = Debug|iPhone
		{35126863-8C82-4FAD-96A5-05158EA7223B}.Debug|iPhone.Build.0 = Debug|iPhone
		{35126863-8C82-4FAD-96A5-05158EA7223B}.Debug|iPhoneSimulator.ActiveCfg = Debug|iPhoneSimulator
		{35126863-8C82-4FAD-96A5-05158EA7223B}.Debug|iPhoneSimulator.Build.0 = Debug|iPhoneSimulator
		{35126863-8C82-4FAD-96A5-05158EA7223B}.Debug|x64.ActiveCfg = Debug|iPhone
		{35126863-8C82-4FAD-96A5-05158EA7223B}.Debug|x86.ActiveCfg = Debug|iPhone
		{35126863-8C82-4FAD-96A5-05158EA7223B}.Release|Any CPU.ActiveCfg = Release|iPhone
		{35126863-8C82-4FAD-96A5-05158EA7223B}.Release|ARM.ActiveCfg = Release|iPhone
		{35126863-8C82-4FAD-96A5-05158EA7223B}.Release|iPhone.ActiveCfg = Release|iPhone
		{35126863-8C82-4FAD-96A5-05158EA7223B}.Release|iPhone.Build.0 = Release|iPhone
		{35126863-8C82-4FAD-96A5-05158EA7223B}.Release|iPhoneSimulator.ActiveCfg = Release|iPhoneSimulator
		{35126863-8C82-4FAD-96A5-05158EA7223B}.Release|iPhoneSimulator.Build.0 = Release|iPhoneSimulator
		{35126863-8C82-4FAD-96A5-05158EA7223B}.Release|x64.ActiveCfg = Release|iPhone
		{35126863-8C82-4FAD-96A5-05158EA7223B}.Release|x86.ActiveCfg = Release|iPhone
	EndGlobalSection
	GlobalSection(SolutionProperties) = preSolution
		HideSolutionNode = FALSE
	EndGlobalSection
	GlobalSection(ExtensibilityGlobals) = postSolution
		SolutionGuid = {38E39C12-7C7B-423C-A602-0B7C23CAE9AB}
	EndGlobalSection
EndGlobal
